
Microsoft Visual Studio Solution File, Format Version 12.00
# Visual Studio Version 17
VisualStudioVersion = 17.5.002.0
MinimumVisualStudioVersion = 10.0.40219.1
Project("{9A19103F-16F7-4668-BE54-9A1E7A4F7556}") = "Seminar_01", "Seminar_01.csproj", "{E7BD7D95-12ED-45FF-AB45-53DB8E641973}"
EndProject
Global
	GlobalSection(SolutionConfigurationPlatforms) = preSolution
		Debug|Any CPU = Debug|Any CPU
		Release|Any CPU = Release|Any CPU
	EndGlobalSection
	GlobalSection(ProjectConfigurationPlatforms) = postSolution
		{E7BD7D95-12ED-45FF-AB45-53DB8E641973}.Debug|Any CPU.ActiveCfg = Debug|Any CPU
		{E7BD7D95-12ED-45FF-AB45-53DB8E641973}.Debug|Any CPU.Build.0 = Debug|Any CPU
		{E7BD7D95-12ED-45FF-AB45-53DB8E641973}.Release|Any CPU.ActiveCfg = Release|Any CPU
		{E7BD7D95-12ED-45FF-AB45-53DB8E641973}.Release|Any CPU.Build.0 = Release|Any CPU
	EndGlobalSection
	GlobalSection(SolutionProperties) = preSolution
		HideSolutionNode = FALSE
	EndGlobalSection
	GlobalSection(ExtensibilityGlobals) = postSolution
		SolutionGuid = {6B317825-3004-4BBE-B52C-F6FFB4923B72}
	EndGlobalSection
EndGlobal
