
Microsoft Visual Studio Solution File, Format Version 12.00
# Visual Studio Version 17
VisualStudioVersion = 17.5.002.0
MinimumVisualStudioVersion = 10.0.40219.1
Project("{9A19103F-16F7-4668-BE54-9A1E7A4F7556}") = "ButCemp", "ButCemp.csproj", "{75D49102-C482-4BBC-967F-113B9137386B}"
EndProject
Global
	GlobalSection(SolutionConfigurationPlatforms) = preSolution
		Debug|Any CPU = Debug|Any CPU
		Release|Any CPU = Release|Any CPU
	EndGlobalSection
	GlobalSection(ProjectConfigurationPlatforms) = postSolution
		{75D49102-C482-4BBC-967F-113B9137386B}.Debug|Any CPU.ActiveCfg = Debug|Any CPU
		{75D49102-C482-4BBC-967F-113B9137386B}.Debug|Any CPU.Build.0 = Debug|Any CPU
		{75D49102-C482-4BBC-967F-113B9137386B}.Release|Any CPU.ActiveCfg = Release|Any CPU
		{75D49102-C482-4BBC-967F-113B9137386B}.Release|Any CPU.Build.0 = Release|Any CPU
	EndGlobalSection
	GlobalSection(SolutionProperties) = preSolution
		HideSolutionNode = FALSE
	EndGlobalSection
	GlobalSection(ExtensibilityGlobals) = postSolution
		SolutionGuid = {5DC1A989-40A7-403C-8742-3C8470882536}
	EndGlobalSection
EndGlobal
